
Microsoft Visual Studio Solution File, Format Version 12.00
# Visual Studio Version 16
VisualStudioVersion = 25.0.1703.8
MinimumVisualStudioVersion = 10.0.40219.1
Project("{FAE04EC0-301F-11D3-BF4B-00C04F79EFBC}") = "nasobic", "nasobic\nasobic.csproj", "{D9C99BA9-D20C-41C3-BCAF-563F0086C528}"
EndProject
Global
	GlobalSection(SolutionConfigurationPlatforms) = preSolution
		Debug|Any CPU = Debug|Any CPU
		Release|Any CPU = Release|Any CPU
	EndGlobalSection
	GlobalSection(ProjectConfigurationPlatforms) = postSolution
		{D9C99BA9-D20C-41C3-BCAF-563F0086C528}.Debug|Any CPU.ActiveCfg = Debug|Any CPU
		{D9C99BA9-D20C-41C3-BCAF-563F0086C528}.Debug|Any CPU.Build.0 = Debug|Any CPU
		{D9C99BA9-D20C-41C3-BCAF-563F0086C528}.Release|Any CPU.ActiveCfg = Release|Any CPU
		{D9C99BA9-D20C-41C3-BCAF-563F0086C528}.Release|Any CPU.Build.0 = Release|Any CPU
	EndGlobalSection
	GlobalSection(SolutionProperties) = preSolution
		HideSolutionNode = FALSE
	EndGlobalSection
	GlobalSection(ExtensibilityGlobals) = postSolution
		SolutionGuid = {A78CC0F7-E723-4757-887E-35EB402E7B35}
	EndGlobalSection
EndGlobal
